
Microsoft Visual Studio Solution File, Format Version 12.00
# Visual Studio Version 17
VisualStudioVersion = 17.3.32819.101
MinimumVisualStudioVersion = 10.0.40219.1
Project("{FAE04EC0-301F-11D3-BF4B-00C04F79EFBC}") = "Super Extension", "Super Extension\Super Extension.csproj", "{EFC5261A-FF64-4449-AB0F-4E97EA41E0AD}"
EndProject
Project("{FAE04EC0-301F-11D3-BF4B-00C04F79EFBC}") = "Super ExtensionTests", "Super ExtensionTests\Super ExtensionTests.csproj", "{16932D0D-5DE4-4FBF-BA1B-3EC79BF5939A}"
EndProject
Global
	GlobalSection(SolutionConfigurationPlatforms) = preSolution
		Debug|Any CPU = Debug|Any CPU
		Release|Any CPU = Release|Any CPU
	EndGlobalSection
	GlobalSection(ProjectConfigurationPlatforms) = postSolution
		{EFC5261A-FF64-4449-AB0F-4E97EA41E0AD}.Debug|Any CPU.ActiveCfg = Debug|Any CPU
		{EFC5261A-FF64-4449-AB0F-4E97EA41E0AD}.Debug|Any CPU.Build.0 = Debug|Any CPU
		{EFC5261A-FF64-4449-AB0F-4E97EA41E0AD}.Release|Any CPU.ActiveCfg = Release|Any CPU
		{EFC5261A-FF64-4449-AB0F-4E97EA41E0AD}.Release|Any CPU.Build.0 = Release|Any CPU
		{16932D0D-5DE4-4FBF-BA1B-3EC79BF5939A}.Debug|Any CPU.ActiveCfg = Debug|Any CPU
		{16932D0D-5DE4-4FBF-BA1B-3EC79BF5939A}.Debug|Any CPU.Build.0 = Debug|Any CPU
		{16932D0D-5DE4-4FBF-BA1B-3EC79BF5939A}.Release|Any CPU.ActiveCfg = Release|Any CPU
		{16932D0D-5DE4-4FBF-BA1B-3EC79BF5939A}.Release|Any CPU.Build.0 = Release|Any CPU
	EndGlobalSection
	GlobalSection(SolutionProperties) = preSolution
		HideSolutionNode = FALSE
	EndGlobalSection
	GlobalSection(ExtensibilityGlobals) = postSolution
		SolutionGuid = {E3FEED23-0F85-4741-9364-2B70F7BAAD13}
	EndGlobalSection
EndGlobal
